// !$*UTF8*$!
{
	archiveVersion = 1;
	classes = {
	};
	objectVersion = 46;
	objects = {

/* Begin PBXBuildFile section */
		0835FA6C1E58B30E0029D9F0 /* AppDelegate.swift in Sources */ = {isa = PBXBuildFile; fileRef = 0835FA6B1E58B30E0029D9F0 /* AppDelegate.swift */; };
		0835FA6E1E58B30E0029D9F0 /* ViewController.swift in Sources */ = {isa = PBXBuildFile; fileRef = 0835FA6D1E58B30E0029D9F0 /* ViewController.swift */; };
		0835FA711E58B30E0029D9F0 /* Main.storyboard in Resources */ = {isa = PBXBuildFile; fileRef = 0835FA6F1E58B30E0029D9F0 /* Main.storyboard */; };
		0835FA731E58B30E0029D9F0 /* Assets.xcassets in Resources */ = {isa = PBXBuildFile; fileRef = 0835FA721E58B30E0029D9F0 /* Assets.xcassets */; };
		0835FA761E58B30E0029D9F0 /* LaunchScreen.storyboard in Resources */ = {isa = PBXBuildFile; fileRef = 0835FA741E58B30E0029D9F0 /* LaunchScreen.storyboard */; };
		0835FA811E58B30F0029D9F0 /* HikeOregonTests.swift in Sources */ = {isa = PBXBuildFile; fileRef = 0835FA801E58B30F0029D9F0 /* HikeOregonTests.swift */; };
		0835FA8C1E58B30F0029D9F0 /* HikeOregonUITests.swift in Sources */ = {isa = PBXBuildFile; fileRef = 0835FA8B1E58B30F0029D9F0 /* HikeOregonUITests.swift */; };
		0835FA9B1E58B34A0029D9F0 /* Trail.swift in Sources */ = {isa = PBXBuildFile; fileRef = 0835FA9A1E58B34A0029D9F0 /* Trail.swift */; };
		0835FA9E1E58B8E10029D9F0 /* TrailModelTests.swift in Sources */ = {isa = PBXBuildFile; fileRef = 0835FA9D1E58B8E10029D9F0 /* TrailModelTests.swift */; };
		0835FAA41E58B97E0029D9F0 /* TrailModelDictionaries.swift in Sources */ = {isa = PBXBuildFile; fileRef = 0835FAA31E58B97E0029D9F0 /* TrailModelDictionaries.swift */; };
		0835FAA61E58BD570029D9F0 /* Model.swift in Sources */ = {isa = PBXBuildFile; fileRef = 0835FAA51E58BD570029D9F0 /* Model.swift */; };
		0835FAA91E58C0280029D9F0 /* NetworkMockObjects.swift in Sources */ = {isa = PBXBuildFile; fileRef = 0835FAA81E58C0280029D9F0 /* NetworkMockObjects.swift */; };
		0835FAAC1E58C0D40029D9F0 /* HTTPClient.swift in Sources */ = {isa = PBXBuildFile; fileRef = 0835FAAB1E58C0D40029D9F0 /* HTTPClient.swift */; };
		0835FAB11E58C2570029D9F0 /* TrailRequest.swift in Sources */ = {isa = PBXBuildFile; fileRef = 0835FAB01E58C2570029D9F0 /* TrailRequest.swift */; };
		0835FAB31E58C36A0029D9F0 /* Request.swift in Sources */ = {isa = PBXBuildFile; fileRef = 0835FAB21E58C36A0029D9F0 /* Request.swift */; };
		0835FAB61E58C65A0029D9F0 /* ResponseError.swift in Sources */ = {isa = PBXBuildFile; fileRef = 0835FAB51E58C65A0029D9F0 /* ResponseError.swift */; };
		0835FAB81E58C6C70029D9F0 /* APIError.swift in Sources */ = {isa = PBXBuildFile; fileRef = 0835FAB71E58C6C70029D9F0 /* APIError.swift */; };
		0835FABC1E58C7DB0029D9F0 /* RequestError.swift in Sources */ = {isa = PBXBuildFile; fileRef = 0835FABB1E58C7DB0029D9F0 /* RequestError.swift */; };
		0835FABF1E58C9100029D9F0 /* Response.swift in Sources */ = {isa = PBXBuildFile; fileRef = 0835FABE1E58C9100029D9F0 /* Response.swift */; };
		0835FAC21E58CAFF0029D9F0 /* TrailResponse.swift in Sources */ = {isa = PBXBuildFile; fileRef = 0835FAC11E58CAFF0029D9F0 /* TrailResponse.swift */; };
		0835FAC51E58DA080029D9F0 /* TrailRequestParameters.swift in Sources */ = {isa = PBXBuildFile; fileRef = 0835FAC41E58DA080029D9F0 /* TrailRequestParameters.swift */; };
		0835FAC71E58DA600029D9F0 /* Parameter.swift in Sources */ = {isa = PBXBuildFile; fileRef = 0835FAC61E58DA600029D9F0 /* Parameter.swift */; };
		0835FACA1E58DDC00029D9F0 /* Dictionary+HikeOregon.swift in Sources */ = {isa = PBXBuildFile; fileRef = 0835FAC91E58DDC00029D9F0 /* Dictionary+HikeOregon.swift */; };
		0835FACC1E58DFDE0029D9F0 /* String+HikeOregon.swift in Sources */ = {isa = PBXBuildFile; fileRef = 0835FACB1E58DFDE0029D9F0 /* String+HikeOregon.swift */; };
		0835FACE1E58E56A0029D9F0 /* Endpoints.swift in Sources */ = {isa = PBXBuildFile; fileRef = 0835FACD1E58E56A0029D9F0 /* Endpoints.swift */; };
		0835FAD11E58E9440029D9F0 /* Responses.swift in Sources */ = {isa = PBXBuildFile; fileRef = 0835FAD01E58E9440029D9F0 /* Responses.swift */; };
		0835FAD41E58EA120029D9F0 /* ResponseTestHelper.swift in Sources */ = {isa = PBXBuildFile; fileRef = 0835FAD31E58EA120029D9F0 /* ResponseTestHelper.swift */; };
		0835FAD61E58EB1D0029D9F0 /* RequestTestHelper.swift in Sources */ = {isa = PBXBuildFile; fileRef = 0835FAD51E58EB1D0029D9F0 /* RequestTestHelper.swift */; };
		0835FADA1E58ED570029D9F0 /* TrailRequestTests.swift in Sources */ = {isa = PBXBuildFile; fileRef = 0835FAD91E58ED570029D9F0 /* TrailRequestTests.swift */; };
/* End PBXBuildFile section */

/* Begin PBXContainerItemProxy section */
		0835FA7D1E58B30F0029D9F0 /* PBXContainerItemProxy */ = {
			isa = PBXContainerItemProxy;
			containerPortal = 0835FA601E58B30E0029D9F0 /* Project object */;
			proxyType = 1;
			remoteGlobalIDString = 0835FA671E58B30E0029D9F0;
			remoteInfo = HikeOregon;
		};
		0835FA881E58B30F0029D9F0 /* PBXContainerItemProxy */ = {
			isa = PBXContainerItemProxy;
			containerPortal = 0835FA601E58B30E0029D9F0 /* Project object */;
			proxyType = 1;
			remoteGlobalIDString = 0835FA671E58B30E0029D9F0;
			remoteInfo = HikeOregon;
		};
/* End PBXContainerItemProxy section */

/* Begin PBXFileReference section */
		0835FA681E58B30E0029D9F0 /* HikeOregon.app */ = {isa = PBXFileReference; explicitFileType = wrapper.application; includeInIndex = 0; path = HikeOregon.app; sourceTree = BUILT_PRODUCTS_DIR; };
		0835FA6B1E58B30E0029D9F0 /* AppDelegate.swift */ = {isa = PBXFileReference; lastKnownFileType = sourcecode.swift; path = AppDelegate.swift; sourceTree = "<group>"; };
		0835FA6D1E58B30E0029D9F0 /* ViewController.swift */ = {isa = PBXFileReference; lastKnownFileType = sourcecode.swift; path = ViewController.swift; sourceTree = "<group>"; };
		0835FA701E58B30E0029D9F0 /* Base */ = {isa = PBXFileReference; lastKnownFileType = file.storyboard; name = Base; path = Base.lproj/Main.storyboard; sourceTree = "<group>"; };
		0835FA721E58B30E0029D9F0 /* Assets.xcassets */ = {isa = PBXFileReference; lastKnownFileType = folder.assetcatalog; path = Assets.xcassets; sourceTree = "<group>"; };
		0835FA751E58B30E0029D9F0 /* Base */ = {isa = PBXFileReference; lastKnownFileType = file.storyboard; name = Base; path = Base.lproj/LaunchScreen.storyboard; sourceTree = "<group>"; };
		0835FA771E58B30E0029D9F0 /* Info.plist */ = {isa = PBXFileReference; lastKnownFileType = text.plist.xml; path = Info.plist; sourceTree = "<group>"; };
		0835FA7C1E58B30F0029D9F0 /* HikeOregonTests.xctest */ = {isa = PBXFileReference; explicitFileType = wrapper.cfbundle; includeInIndex = 0; path = HikeOregonTests.xctest; sourceTree = BUILT_PRODUCTS_DIR; };
		0835FA801E58B30F0029D9F0 /* HikeOregonTests.swift */ = {isa = PBXFileReference; lastKnownFileType = sourcecode.swift; path = HikeOregonTests.swift; sourceTree = "<group>"; };
		0835FA821E58B30F0029D9F0 /* Info.plist */ = {isa = PBXFileReference; lastKnownFileType = text.plist.xml; path = Info.plist; sourceTree = "<group>"; };
		0835FA871E58B30F0029D9F0 /* HikeOregonUITests.xctest */ = {isa = PBXFileReference; explicitFileType = wrapper.cfbundle; includeInIndex = 0; path = HikeOregonUITests.xctest; sourceTree = BUILT_PRODUCTS_DIR; };
		0835FA8B1E58B30F0029D9F0 /* HikeOregonUITests.swift */ = {isa = PBXFileReference; lastKnownFileType = sourcecode.swift; path = HikeOregonUITests.swift; sourceTree = "<group>"; };
		0835FA8D1E58B30F0029D9F0 /* Info.plist */ = {isa = PBXFileReference; lastKnownFileType = text.plist.xml; path = Info.plist; sourceTree = "<group>"; };
		0835FA9A1E58B34A0029D9F0 /* Trail.swift */ = {isa = PBXFileReference; fileEncoding = 4; lastKnownFileType = sourcecode.swift; name = Trail.swift; path = Models/Trail.swift; sourceTree = "<group>"; };
		0835FA9D1E58B8E10029D9F0 /* TrailModelTests.swift */ = {isa = PBXFileReference; fileEncoding = 4; lastKnownFileType = sourcecode.swift; name = TrailModelTests.swift; path = Models/TrailModelTests.swift; sourceTree = "<group>"; };
		0835FAA31E58B97E0029D9F0 /* TrailModelDictionaries.swift */ = {isa = PBXFileReference; fileEncoding = 4; lastKnownFileType = sourcecode.swift; name = TrailModelDictionaries.swift; path = DependencyInjections/TrailModelDictionaries.swift; sourceTree = "<group>"; };
		0835FAA51E58BD570029D9F0 /* Model.swift */ = {isa = PBXFileReference; fileEncoding = 4; lastKnownFileType = sourcecode.swift; name = Model.swift; path = Models/Model.swift; sourceTree = "<group>"; };
		0835FAA81E58C0280029D9F0 /* NetworkMockObjects.swift */ = {isa = PBXFileReference; fileEncoding = 4; lastKnownFileType = sourcecode.swift; path = NetworkMockObjects.swift; sourceTree = "<group>"; };
		0835FAAB1E58C0D40029D9F0 /* HTTPClient.swift */ = {isa = PBXFileReference; fileEncoding = 4; lastKnownFileType = sourcecode.swift; name = HTTPClient.swift; path = Utilities/HTTPClient.swift; sourceTree = "<group>"; };
		0835FAB01E58C2570029D9F0 /* TrailRequest.swift */ = {isa = PBXFileReference; fileEncoding = 4; lastKnownFileType = sourcecode.swift; name = TrailRequest.swift; path = Requests/TrailRequest.swift; sourceTree = "<group>"; };
		0835FAB21E58C36A0029D9F0 /* Request.swift */ = {isa = PBXFileReference; fileEncoding = 4; lastKnownFileType = sourcecode.swift; name = Request.swift; path = Requests/Request.swift; sourceTree = "<group>"; };
		0835FAB51E58C65A0029D9F0 /* ResponseError.swift */ = {isa = PBXFileReference; fileEncoding = 4; lastKnownFileType = sourcecode.swift; name = ResponseError.swift; path = Errors/ResponseError.swift; sourceTree = "<group>"; };
		0835FAB71E58C6C70029D9F0 /* APIError.swift */ = {isa = PBXFileReference; fileEncoding = 4; lastKnownFileType = sourcecode.swift; path = APIError.swift; sourceTree = "<group>"; };
		0835FABB1E58C7DB0029D9F0 /* RequestError.swift */ = {isa = PBXFileReference; fileEncoding = 4; lastKnownFileType = sourcecode.swift; path = RequestError.swift; sourceTree = "<group>"; };
		0835FABE1E58C9100029D9F0 /* Response.swift */ = {isa = PBXFileReference; fileEncoding = 4; lastKnownFileType = sourcecode.swift; name = Response.swift; path = Responses/Response.swift; sourceTree = "<group>"; };
		0835FAC11E58CAFF0029D9F0 /* TrailResponse.swift */ = {isa = PBXFileReference; fileEncoding = 4; lastKnownFileType = sourcecode.swift; name = TrailResponse.swift; path = Responses/TrailResponse.swift; sourceTree = "<group>"; };
		0835FAC41E58DA080029D9F0 /* TrailRequestParameters.swift */ = {isa = PBXFileReference; fileEncoding = 4; lastKnownFileType = sourcecode.swift; name = TrailRequestParameters.swift; path = Parameters/TrailRequestParameters.swift; sourceTree = "<group>"; };
		0835FAC61E58DA600029D9F0 /* Parameter.swift */ = {isa = PBXFileReference; fileEncoding = 4; lastKnownFileType = sourcecode.swift; name = Parameter.swift; path = Parameters/Parameter.swift; sourceTree = "<group>"; };
		0835FAC91E58DDC00029D9F0 /* Dictionary+HikeOregon.swift */ = {isa = PBXFileReference; fileEncoding = 4; lastKnownFileType = sourcecode.swift; name = "Dictionary+HikeOregon.swift"; path = "Extensions/Dictionary+HikeOregon.swift"; sourceTree = "<group>"; };
		0835FACB1E58DFDE0029D9F0 /* String+HikeOregon.swift */ = {isa = PBXFileReference; fileEncoding = 4; lastKnownFileType = sourcecode.swift; name = "String+HikeOregon.swift"; path = "Extensions/String+HikeOregon.swift"; sourceTree = "<group>"; };
		0835FACD1E58E56A0029D9F0 /* Endpoints.swift */ = {isa = PBXFileReference; fileEncoding = 4; lastKnownFileType = sourcecode.swift; name = Endpoints.swift; path = Requests/Endpoints.swift; sourceTree = "<group>"; };
		0835FAD01E58E9440029D9F0 /* Responses.swift */ = {isa = PBXFileReference; fileEncoding = 4; lastKnownFileType = sourcecode.swift; name = Responses.swift; path = DependencyInjections/Responses.swift; sourceTree = "<group>"; };
		0835FAD31E58EA120029D9F0 /* ResponseTestHelper.swift */ = {isa = PBXFileReference; fileEncoding = 4; lastKnownFileType = sourcecode.swift; name = ResponseTestHelper.swift; path = Responses/ResponseTestHelper.swift; sourceTree = "<group>"; };
		0835FAD51E58EB1D0029D9F0 /* RequestTestHelper.swift */ = {isa = PBXFileReference; fileEncoding = 4; lastKnownFileType = sourcecode.swift; name = RequestTestHelper.swift; path = Requests/RequestTestHelper.swift; sourceTree = "<group>"; };
		0835FAD91E58ED570029D9F0 /* TrailRequestTests.swift */ = {isa = PBXFileReference; fileEncoding = 4; lastKnownFileType = sourcecode.swift; name = TrailRequestTests.swift; path = Requests/TrailRequestTests.swift; sourceTree = "<group>"; };
/* End PBXFileReference section */

/* Begin PBXFrameworksBuildPhase section */
		0835FA651E58B30E0029D9F0 /* Frameworks */ = {
			isa = PBXFrameworksBuildPhase;
			buildActionMask = 2147483647;
			files = (
			);
			runOnlyForDeploymentPostprocessing = 0;
		};
		0835FA791E58B30F0029D9F0 /* Frameworks */ = {
			isa = PBXFrameworksBuildPhase;
			buildActionMask = 2147483647;
			files = (
			);
			runOnlyForDeploymentPostprocessing = 0;
		};
		0835FA841E58B30F0029D9F0 /* Frameworks */ = {
			isa = PBXFrameworksBuildPhase;
			buildActionMask = 2147483647;
			files = (
			);
			runOnlyForDeploymentPostprocessing = 0;
		};
/* End PBXFrameworksBuildPhase section */

/* Begin PBXGroup section */
		0835FA5F1E58B30E0029D9F0 = {
			isa = PBXGroup;
			children = (
				0835FA6A1E58B30E0029D9F0 /* HikeOregon */,
				0835FA7F1E58B30F0029D9F0 /* HikeOregonTests */,
				0835FA8A1E58B30F0029D9F0 /* HikeOregonUITests */,
				0835FA691E58B30E0029D9F0 /* Products */,
			);
			sourceTree = "<group>";
		};
		0835FA691E58B30E0029D9F0 /* Products */ = {
			isa = PBXGroup;
			children = (
				0835FA681E58B30E0029D9F0 /* HikeOregon.app */,
				0835FA7C1E58B30F0029D9F0 /* HikeOregonTests.xctest */,
				0835FA871E58B30F0029D9F0 /* HikeOregonUITests.xctest */,
			);
			name = Products;
			sourceTree = "<group>";
		};
		0835FA6A1E58B30E0029D9F0 /* HikeOregon */ = {
			isa = PBXGroup;
			children = (
				0835FAC81E58DDAC0029D9F0 /* Extensions */,
				0835FAAE1E58C22C0029D9F0 /* Network */,
				0835FAAA1E58C0C10029D9F0 /* Utilities */,
				0835FA991E58B3170029D9F0 /* Models */,
				0835FA6B1E58B30E0029D9F0 /* AppDelegate.swift */,
				0835FA6D1E58B30E0029D9F0 /* ViewController.swift */,
				0835FA6F1E58B30E0029D9F0 /* Main.storyboard */,
				0835FA721E58B30E0029D9F0 /* Assets.xcassets */,
				0835FA741E58B30E0029D9F0 /* LaunchScreen.storyboard */,
				0835FA771E58B30E0029D9F0 /* Info.plist */,
			);
			path = HikeOregon;
			sourceTree = "<group>";
		};
		0835FA7F1E58B30F0029D9F0 /* HikeOregonTests */ = {
			isa = PBXGroup;
			children = (
				0835FAD21E58E98F0029D9F0 /* Responses */,
				0835FAAD1E58C2140029D9F0 /* Requests */,
				0835FAA71E58BFFD0029D9F0 /* NetworkMocks */,
				0835FAA01E58B93C0029D9F0 /* DependencyInjections */,
				0835FA9C1E58B8A00029D9F0 /* Models */,
				0835FA801E58B30F0029D9F0 /* HikeOregonTests.swift */,
				0835FA821E58B30F0029D9F0 /* Info.plist */,
			);
			path = HikeOregonTests;
			sourceTree = "<group>";
		};
		0835FA8A1E58B30F0029D9F0 /* HikeOregonUITests */ = {
			isa = PBXGroup;
			children = (
				0835FA8B1E58B30F0029D9F0 /* HikeOregonUITests.swift */,
				0835FA8D1E58B30F0029D9F0 /* Info.plist */,
			);
			path = HikeOregonUITests;
			sourceTree = "<group>";
		};
		0835FA991E58B3170029D9F0 /* Models */ = {
			isa = PBXGroup;
			children = (
				0835FA9A1E58B34A0029D9F0 /* Trail.swift */,
				0835FAA51E58BD570029D9F0 /* Model.swift */,
			);
			name = Models;
			sourceTree = "<group>";
		};
		0835FA9C1E58B8A00029D9F0 /* Models */ = {
			isa = PBXGroup;
			children = (
				0835FA9D1E58B8E10029D9F0 /* TrailModelTests.swift */,
			);
			name = Models;
			sourceTree = "<group>";
		};
		0835FAA01E58B93C0029D9F0 /* DependencyInjections */ = {
			isa = PBXGroup;
			children = (
				0835FACF1E58E8FB0029D9F0 /* Base64Encoded */,
				0835FAA11E58B9450029D9F0 /* Dictionaries */,
			);
			name = DependencyInjections;
			sourceTree = "<group>";
		};
		0835FAA11E58B9450029D9F0 /* Dictionaries */ = {
			isa = PBXGroup;
			children = (
				0835FAA21E58B9550029D9F0 /* Models */,
			);
			name = Dictionaries;
			sourceTree = "<group>";
		};
		0835FAA21E58B9550029D9F0 /* Models */ = {
			isa = PBXGroup;
			children = (
				0835FAA31E58B97E0029D9F0 /* TrailModelDictionaries.swift */,
			);
			name = Models;
			sourceTree = "<group>";
		};
		0835FAA71E58BFFD0029D9F0 /* NetworkMocks */ = {
			isa = PBXGroup;
			children = (
				0835FAA81E58C0280029D9F0 /* NetworkMockObjects.swift */,
			);
			name = NetworkMocks;
			sourceTree = "<group>";
		};
		0835FAAA1E58C0C10029D9F0 /* Utilities */ = {
			isa = PBXGroup;
			children = (
				0835FAAB1E58C0D40029D9F0 /* HTTPClient.swift */,
			);
			name = Utilities;
			sourceTree = "<group>";
		};
		0835FAAD1E58C2140029D9F0 /* Requests */ = {
			isa = PBXGroup;
			children = (
				0835FAD51E58EB1D0029D9F0 /* RequestTestHelper.swift */,
				0835FAD91E58ED570029D9F0 /* TrailRequestTests.swift */,
			);
			name = Requests;
			sourceTree = "<group>";
		};
		0835FAAE1E58C22C0029D9F0 /* Network */ = {
			isa = PBXGroup;
			children = (
				0835FABD1E58C9010029D9F0 /* Responses */,
				0835FAB41E58C6340029D9F0 /* Errors */,
				0835FAAF1E58C23C0029D9F0 /* Requests */,
			);
			name = Network;
			sourceTree = "<group>";
		};
		0835FAAF1E58C23C0029D9F0 /* Requests */ = {
			isa = PBXGroup;
			children = (
				0835FAC31E58D9F10029D9F0 /* Parameters */,
				0835FAB01E58C2570029D9F0 /* TrailRequest.swift */,
				0835FAB21E58C36A0029D9F0 /* Request.swift */,
				0835FACD1E58E56A0029D9F0 /* Endpoints.swift */,
			);
			name = Requests;
			sourceTree = "<group>";
		};
		0835FAB41E58C6340029D9F0 /* Errors */ = {
			isa = PBXGroup;
			children = (
				0835FAB51E58C65A0029D9F0 /* ResponseError.swift */,
				0835FAB71E58C6C70029D9F0 /* APIError.swift */,
				0835FABB1E58C7DB0029D9F0 /* RequestError.swift */,
			);
			name = Errors;
			sourceTree = "<group>";
		};
		0835FABD1E58C9010029D9F0 /* Responses */ = {
			isa = PBXGroup;
			children = (
				0835FABE1E58C9100029D9F0 /* Response.swift */,
				0835FAC11E58CAFF0029D9F0 /* TrailResponse.swift */,
			);
			name = Responses;
			sourceTree = "<group>";
		};
		0835FAC31E58D9F10029D9F0 /* Parameters */ = {
			isa = PBXGroup;
			children = (
				0835FAC41E58DA080029D9F0 /* TrailRequestParameters.swift */,
				0835FAC61E58DA600029D9F0 /* Parameter.swift */,
			);
			name = Parameters;
			sourceTree = "<group>";
		};
		0835FAC81E58DDAC0029D9F0 /* Extensions */ = {
			isa = PBXGroup;
			children = (
				0835FAC91E58DDC00029D9F0 /* Dictionary+HikeOregon.swift */,
				0835FACB1E58DFDE0029D9F0 /* String+HikeOregon.swift */,
			);
			name = Extensions;
			sourceTree = "<group>";
		};
		0835FACF1E58E8FB0029D9F0 /* Base64Encoded */ = {
			isa = PBXGroup;
			children = (
				0835FAD01E58E9440029D9F0 /* Responses.swift */,
			);
			name = Base64Encoded;
			sourceTree = "<group>";
		};
		0835FAD21E58E98F0029D9F0 /* Responses */ = {
			isa = PBXGroup;
			children = (
				0835FAD31E58EA120029D9F0 /* ResponseTestHelper.swift */,
			);
			name = Responses;
			sourceTree = "<group>";
		};
/* End PBXGroup section */

/* Begin PBXNativeTarget section */
		0835FA671E58B30E0029D9F0 /* HikeOregon */ = {
			isa = PBXNativeTarget;
			buildConfigurationList = 0835FA901E58B30F0029D9F0 /* Build configuration list for PBXNativeTarget "HikeOregon" */;
			buildPhases = (
				0835FA641E58B30E0029D9F0 /* Sources */,
				0835FA651E58B30E0029D9F0 /* Frameworks */,
				0835FA661E58B30E0029D9F0 /* Resources */,
			);
			buildRules = (
			);
			dependencies = (
			);
			name = HikeOregon;
			productName = HikeOregon;
			productReference = 0835FA681E58B30E0029D9F0 /* HikeOregon.app */;
			productType = "com.apple.product-type.application";
		};
		0835FA7B1E58B30F0029D9F0 /* HikeOregonTests */ = {
			isa = PBXNativeTarget;
			buildConfigurationList = 0835FA931E58B30F0029D9F0 /* Build configuration list for PBXNativeTarget "HikeOregonTests" */;
			buildPhases = (
				0835FA781E58B30F0029D9F0 /* Sources */,
				0835FA791E58B30F0029D9F0 /* Frameworks */,
				0835FA7A1E58B30F0029D9F0 /* Resources */,
			);
			buildRules = (
			);
			dependencies = (
				0835FA7E1E58B30F0029D9F0 /* PBXTargetDependency */,
			);
			name = HikeOregonTests;
			productName = HikeOregonTests;
			productReference = 0835FA7C1E58B30F0029D9F0 /* HikeOregonTests.xctest */;
			productType = "com.apple.product-type.bundle.unit-test";
		};
		0835FA861E58B30F0029D9F0 /* HikeOregonUITests */ = {
			isa = PBXNativeTarget;
			buildConfigurationList = 0835FA961E58B30F0029D9F0 /* Build configuration list for PBXNativeTarget "HikeOregonUITests" */;
			buildPhases = (
				0835FA831E58B30F0029D9F0 /* Sources */,
				0835FA841E58B30F0029D9F0 /* Frameworks */,
				0835FA851E58B30F0029D9F0 /* Resources */,
			);
			buildRules = (
			);
			dependencies = (
				0835FA891E58B30F0029D9F0 /* PBXTargetDependency */,
			);
			name = HikeOregonUITests;
			productName = HikeOregonUITests;
			productReference = 0835FA871E58B30F0029D9F0 /* HikeOregonUITests.xctest */;
			productType = "com.apple.product-type.bundle.ui-testing";
		};
/* End PBXNativeTarget section */

/* Begin PBXProject section */
		0835FA601E58B30E0029D9F0 /* Project object */ = {
			isa = PBXProject;
			attributes = {
				LastSwiftUpdateCheck = 0820;
				LastUpgradeCheck = 0820;
				ORGANIZATIONNAME = hikeoregon;
				TargetAttributes = {
					0835FA671E58B30E0029D9F0 = {
						CreatedOnToolsVersion = 8.2.1;
						DevelopmentTeam = YP6LAQGWJ4;
						ProvisioningStyle = Automatic;
					};
					0835FA7B1E58B30F0029D9F0 = {
						CreatedOnToolsVersion = 8.2.1;
						DevelopmentTeam = YP6LAQGWJ4;
						ProvisioningStyle = Automatic;
						TestTargetID = 0835FA671E58B30E0029D9F0;
					};
					0835FA861E58B30F0029D9F0 = {
						CreatedOnToolsVersion = 8.2.1;
						DevelopmentTeam = YP6LAQGWJ4;
						ProvisioningStyle = Automatic;
						TestTargetID = 0835FA671E58B30E0029D9F0;
					};
				};
			};
			buildConfigurationList = 0835FA631E58B30E0029D9F0 /* Build configuration list for PBXProject "HikeOregon" */;
			compatibilityVersion = "Xcode 3.2";
			developmentRegion = English;
			hasScannedForEncodings = 0;
			knownRegions = (
				en,
				Base,
			);
			mainGroup = 0835FA5F1E58B30E0029D9F0;
			productRefGroup = 0835FA691E58B30E0029D9F0 /* Products */;
			projectDirPath = "";
			projectRoot = "";
			targets = (
				0835FA671E58B30E0029D9F0 /* HikeOregon */,
				0835FA7B1E58B30F0029D9F0 /* HikeOregonTests */,
				0835FA861E58B30F0029D9F0 /* HikeOregonUITests */,
			);
		};
/* End PBXProject section */

/* Begin PBXResourcesBuildPhase section */
		0835FA661E58B30E0029D9F0 /* Resources */ = {
			isa = PBXResourcesBuildPhase;
			buildActionMask = 2147483647;
			files = (
				0835FA761E58B30E0029D9F0 /* LaunchScreen.storyboard in Resources */,
				0835FA731E58B30E0029D9F0 /* Assets.xcassets in Resources */,
				0835FA711E58B30E0029D9F0 /* Main.storyboard in Resources */,
			);
			runOnlyForDeploymentPostprocessing = 0;
		};
		0835FA7A1E58B30F0029D9F0 /* Resources */ = {
			isa = PBXResourcesBuildPhase;
			buildActionMask = 2147483647;
			files = (
			);
			runOnlyForDeploymentPostprocessing = 0;
		};
		0835FA851E58B30F0029D9F0 /* Resources */ = {
			isa = PBXResourcesBuildPhase;
			buildActionMask = 2147483647;
			files = (
			);
			runOnlyForDeploymentPostprocessing = 0;
		};
/* End PBXResourcesBuildPhase section */

/* Begin PBXSourcesBuildPhase section */
		0835FA641E58B30E0029D9F0 /* Sources */ = {
			isa = PBXSourcesBuildPhase;
			buildActionMask = 2147483647;
			files = (
				0835FA6E1E58B30E0029D9F0 /* ViewController.swift in Sources */,
				0835FAC21E58CAFF0029D9F0 /* TrailResponse.swift in Sources */,
				0835FACE1E58E56A0029D9F0 /* Endpoints.swift in Sources */,
				0835FAAC1E58C0D40029D9F0 /* HTTPClient.swift in Sources */,
				0835FA9B1E58B34A0029D9F0 /* Trail.swift in Sources */,
				0835FAC51E58DA080029D9F0 /* TrailRequestParameters.swift in Sources */,
				0835FAC71E58DA600029D9F0 /* Parameter.swift in Sources */,
				0835FA6C1E58B30E0029D9F0 /* AppDelegate.swift in Sources */,
				0835FAB31E58C36A0029D9F0 /* Request.swift in Sources */,
				0835FAB11E58C2570029D9F0 /* TrailRequest.swift in Sources */,
				0835FABC1E58C7DB0029D9F0 /* RequestError.swift in Sources */,
				0835FABF1E58C9100029D9F0 /* Response.swift in Sources */,
				0835FAA61E58BD570029D9F0 /* Model.swift in Sources */,
				0835FAB61E58C65A0029D9F0 /* ResponseError.swift in Sources */,
				0835FACA1E58DDC00029D9F0 /* Dictionary+HikeOregon.swift in Sources */,
				0835FAB81E58C6C70029D9F0 /* APIError.swift in Sources */,
				0835FACC1E58DFDE0029D9F0 /* String+HikeOregon.swift in Sources */,
			);
			runOnlyForDeploymentPostprocessing = 0;
		};
		0835FA781E58B30F0029D9F0 /* Sources */ = {
			isa = PBXSourcesBuildPhase;
			buildActionMask = 2147483647;
			files = (
				0835FAD11E58E9440029D9F0 /* Responses.swift in Sources */,
				0835FA9E1E58B8E10029D9F0 /* TrailModelTests.swift in Sources */,
				0835FADA1E58ED570029D9F0 /* TrailRequestTests.swift in Sources */,
				0835FAD61E58EB1D0029D9F0 /* RequestTestHelper.swift in Sources */,
				0835FAA91E58C0280029D9F0 /* NetworkMockObjects.swift in Sources */,
				0835FAA41E58B97E0029D9F0 /* TrailModelDictionaries.swift in Sources */,
				0835FAD41E58EA120029D9F0 /* ResponseTestHelper.swift in Sources */,
				0835FA811E58B30F0029D9F0 /* HikeOregonTests.swift in Sources */,
			);
			runOnlyForDeploymentPostprocessing = 0;
		};
		0835FA831E58B30F0029D9F0 /* Sources */ = {
			isa = PBXSourcesBuildPhase;
			buildActionMask = 2147483647;
			files = (
				0835FA8C1E58B30F0029D9F0 /* HikeOregonUITests.swift in Sources */,
			);
			runOnlyForDeploymentPostprocessing = 0;
		};
/* End PBXSourcesBuildPhase section */

/* Begin PBXTargetDependency section */
		0835FA7E1E58B30F0029D9F0 /* PBXTargetDependency */ = {
			isa = PBXTargetDependency;
			target = 0835FA671E58B30E0029D9F0 /* HikeOregon */;
			targetProxy = 0835FA7D1E58B30F0029D9F0 /* PBXContainerItemProxy */;
		};
		0835FA891E58B30F0029D9F0 /* PBXTargetDependency */ = {
			isa = PBXTargetDependency;
			target = 0835FA671E58B30E0029D9F0 /* HikeOregon */;
			targetProxy = 0835FA881E58B30F0029D9F0 /* PBXContainerItemProxy */;
		};
/* End PBXTargetDependency section */

/* Begin PBXVariantGroup section */
		0835FA6F1E58B30E0029D9F0 /* Main.storyboard */ = {
			isa = PBXVariantGroup;
			children = (
				0835FA701E58B30E0029D9F0 /* Base */,
			);
			name = Main.storyboard;
			sourceTree = "<group>";
		};
		0835FA741E58B30E0029D9F0 /* LaunchScreen.storyboard */ = {
			isa = PBXVariantGroup;
			children = (
				0835FA751E58B30E0029D9F0 /* Base */,
			);
			name = LaunchScreen.storyboard;
			sourceTree = "<group>";
		};
/* End PBXVariantGroup section */

/* Begin XCBuildConfiguration section */
		0835FA8E1E58B30F0029D9F0 /* Debug */ = {
			isa = XCBuildConfiguration;
			buildSettings = {
				ALWAYS_SEARCH_USER_PATHS = NO;
				CLANG_ANALYZER_NONNULL = YES;
				CLANG_CXX_LANGUAGE_STANDARD = "gnu++0x";
				CLANG_CXX_LIBRARY = "libc++";
				CLANG_ENABLE_MODULES = YES;
				CLANG_ENABLE_OBJC_ARC = YES;
				CLANG_WARN_BOOL_CONVERSION = YES;
				CLANG_WARN_CONSTANT_CONVERSION = YES;
				CLANG_WARN_DIRECT_OBJC_ISA_USAGE = YES_ERROR;
				CLANG_WARN_DOCUMENTATION_COMMENTS = YES;
				CLANG_WARN_EMPTY_BODY = YES;
				CLANG_WARN_ENUM_CONVERSION = YES;
				CLANG_WARN_INFINITE_RECURSION = YES;
				CLANG_WARN_INT_CONVERSION = YES;
				CLANG_WARN_OBJC_ROOT_CLASS = YES_ERROR;
				CLANG_WARN_SUSPICIOUS_MOVE = YES;
				CLANG_WARN_UNREACHABLE_CODE = YES;
				CLANG_WARN__DUPLICATE_METHOD_MATCH = YES;
				"CODE_SIGN_IDENTITY[sdk=iphoneos*]" = "iPhone Developer";
				COPY_PHASE_STRIP = NO;
				DEBUG_INFORMATION_FORMAT = dwarf;
				ENABLE_STRICT_OBJC_MSGSEND = YES;
				ENABLE_TESTABILITY = YES;
				GCC_C_LANGUAGE_STANDARD = gnu99;
				GCC_DYNAMIC_NO_PIC = NO;
				GCC_NO_COMMON_BLOCKS = YES;
				GCC_OPTIMIZATION_LEVEL = 0;
				GCC_PREPROCESSOR_DEFINITIONS = (
					"DEBUG=1",
					"$(inherited)",
				);
				GCC_WARN_64_TO_32_BIT_CONVERSION = YES;
				GCC_WARN_ABOUT_RETURN_TYPE = YES_ERROR;
				GCC_WARN_UNDECLARED_SELECTOR = YES;
				GCC_WARN_UNINITIALIZED_AUTOS = YES_AGGRESSIVE;
				GCC_WARN_UNUSED_FUNCTION = YES;
				GCC_WARN_UNUSED_VARIABLE = YES;
				IPHONEOS_DEPLOYMENT_TARGET = 10.2;
				MTL_ENABLE_DEBUG_INFO = YES;
				ONLY_ACTIVE_ARCH = YES;
				SDKROOT = iphoneos;
				SWIFT_ACTIVE_COMPILATION_CONDITIONS = DEBUG;
				SWIFT_OPTIMIZATION_LEVEL = "-Onone";
			};
			name = Debug;
		};
		0835FA8F1E58B30F0029D9F0 /* Release */ = {
			isa = XCBuildConfiguration;
			buildSettings = {
				ALWAYS_SEARCH_USER_PATHS = NO;
				CLANG_ANALYZER_NONNULL = YES;
				CLANG_CXX_LANGUAGE_STANDARD = "gnu++0x";
				CLANG_CXX_LIBRARY = "libc++";
				CLANG_ENABLE_MODULES = YES;
				CLANG_ENABLE_OBJC_ARC = YES;
				CLANG_WARN_BOOL_CONVERSION = YES;
				CLANG_WARN_CONSTANT_CONVERSION = YES;
				CLANG_WARN_DIRECT_OBJC_ISA_USAGE = YES_ERROR;
				CLANG_WARN_DOCUMENTATION_COMMENTS = YES;
				CLANG_WARN_EMPTY_BODY = YES;
				CLANG_WARN_ENUM_CONVERSION = YES;
				CLANG_WARN_INFINITE_RECURSION = YES;
				CLANG_WARN_INT_CONVERSION = YES;
				CLANG_WARN_OBJC_ROOT_CLASS = YES_ERROR;
				CLANG_WARN_SUSPICIOUS_MOVE = YES;
				CLANG_WARN_UNREACHABLE_CODE = YES;
				CLANG_WARN__DUPLICATE_METHOD_MATCH = YES;
				"CODE_SIGN_IDENTITY[sdk=iphoneos*]" = "iPhone Developer";
				COPY_PHASE_STRIP = NO;
				DEBUG_INFORMATION_FORMAT = "dwarf-with-dsym";
				ENABLE_NS_ASSERTIONS = NO;
				ENABLE_STRICT_OBJC_MSGSEND = YES;
				GCC_C_LANGUAGE_STANDARD = gnu99;
				GCC_NO_COMMON_BLOCKS = YES;
				GCC_WARN_64_TO_32_BIT_CONVERSION = YES;
				GCC_WARN_ABOUT_RETURN_TYPE = YES_ERROR;
				GCC_WARN_UNDECLARED_SELECTOR = YES;
				GCC_WARN_UNINITIALIZED_AUTOS = YES_AGGRESSIVE;
				GCC_WARN_UNUSED_FUNCTION = YES;
				GCC_WARN_UNUSED_VARIABLE = YES;
				IPHONEOS_DEPLOYMENT_TARGET = 10.2;
				MTL_ENABLE_DEBUG_INFO = NO;
				SDKROOT = iphoneos;
				SWIFT_OPTIMIZATION_LEVEL = "-Owholemodule";
				VALIDATE_PRODUCT = YES;
			};
			name = Release;
		};
		0835FA911E58B30F0029D9F0 /* Debug */ = {
			isa = XCBuildConfiguration;
			buildSettings = {
				ASSETCATALOG_COMPILER_APPICON_NAME = AppIcon;
				DEVELOPMENT_TEAM = YP6LAQGWJ4;
				INFOPLIST_FILE = HikeOregon/Info.plist;
				LD_RUNPATH_SEARCH_PATHS = "$(inherited) @executable_path/Frameworks";
				PRODUCT_BUNDLE_IDENTIFIER = hike.HikeOregon;
				PRODUCT_NAME = "$(TARGET_NAME)";
				SWIFT_VERSION = 3.0;
			};
			name = Debug;
		};
		0835FA921E58B30F0029D9F0 /* Release */ = {
			isa = XCBuildConfiguration;
			buildSettings = {
				ASSETCATALOG_COMPILER_APPICON_NAME = AppIcon;
				DEVELOPMENT_TEAM = YP6LAQGWJ4;
				INFOPLIST_FILE = HikeOregon/Info.plist;
				LD_RUNPATH_SEARCH_PATHS = "$(inherited) @executable_path/Frameworks";
				PRODUCT_BUNDLE_IDENTIFIER = hike.HikeOregon;
				PRODUCT_NAME = "$(TARGET_NAME)";
				SWIFT_VERSION = 3.0;
			};
			name = Release;
		};
		0835FA941E58B30F0029D9F0 /* Debug */ = {
			isa = XCBuildConfiguration;
			buildSettings = {
				ALWAYS_EMBED_SWIFT_STANDARD_LIBRARIES = YES;
				BUNDLE_LOADER = "$(TEST_HOST)";
				DEVELOPMENT_TEAM = YP6LAQGWJ4;
				INFOPLIST_FILE = HikeOregonTests/Info.plist;
				LD_RUNPATH_SEARCH_PATHS = "$(inherited) @executable_path/Frameworks @loader_path/Frameworks";
				PRODUCT_BUNDLE_IDENTIFIER = hike.HikeOregonTests;
				PRODUCT_NAME = "$(TARGET_NAME)";
				SWIFT_VERSION = 3.0;
				TEST_HOST = "$(BUILT_PRODUCTS_DIR)/HikeOregon.app/HikeOregon";
			};
			name = Debug;
		};
		0835FA951E58B30F0029D9F0 /* Release */ = {
			isa = XCBuildConfiguration;
			buildSettings = {
				ALWAYS_EMBED_SWIFT_STANDARD_LIBRARIES = YES;
				BUNDLE_LOADER = "$(TEST_HOST)";
				DEVELOPMENT_TEAM = YP6LAQGWJ4;
				INFOPLIST_FILE = HikeOregonTests/Info.plist;
				LD_RUNPATH_SEARCH_PATHS = "$(inherited) @executable_path/Frameworks @loader_path/Frameworks";
				PRODUCT_BUNDLE_IDENTIFIER = hike.HikeOregonTests;
				PRODUCT_NAME = "$(TARGET_NAME)";
				SWIFT_VERSION = 3.0;
				TEST_HOST = "$(BUILT_PRODUCTS_DIR)/HikeOregon.app/HikeOregon";
			};
			name = Release;
		};
		0835FA971E58B30F0029D9F0 /* Debug */ = {
			isa = XCBuildConfiguration;
			buildSettings = {
				ALWAYS_EMBED_SWIFT_STANDARD_LIBRARIES = YES;
				DEVELOPMENT_TEAM = YP6LAQGWJ4;
				INFOPLIST_FILE = HikeOregonUITests/Info.plist;
				LD_RUNPATH_SEARCH_PATHS = "$(inherited) @executable_path/Frameworks @loader_path/Frameworks";
				PRODUCT_BUNDLE_IDENTIFIER = hike.HikeOregonUITests;
				PRODUCT_NAME = "$(TARGET_NAME)";
				SWIFT_VERSION = 3.0;
				TEST_TARGET_NAME = HikeOregon;
			};
			name = Debug;
		};
		0835FA981E58B30F0029D9F0 /* Release */ = {
			isa = XCBuildConfiguration;
			buildSettings = {
				ALWAYS_EMBED_SWIFT_STANDARD_LIBRARIES = YES;
				DEVELOPMENT_TEAM = YP6LAQGWJ4;
				INFOPLIST_FILE = HikeOregonUITests/Info.plist;
				LD_RUNPATH_SEARCH_PATHS = "$(inherited) @executable_path/Frameworks @loader_path/Frameworks";
				PRODUCT_BUNDLE_IDENTIFIER = hike.HikeOregonUITests;
				PRODUCT_NAME = "$(TARGET_NAME)";
				SWIFT_VERSION = 3.0;
				TEST_TARGET_NAME = HikeOregon;
			};
			name = Release;
		};
/* End XCBuildConfiguration section */

/* Begin XCConfigurationList section */
		0835FA631E58B30E0029D9F0 /* Build configuration list for PBXProject "HikeOregon" */ = {
			isa = XCConfigurationList;
			buildConfigurations = (
				0835FA8E1E58B30F0029D9F0 /* Debug */,
				0835FA8F1E58B30F0029D9F0 /* Release */,
			);
			defaultConfigurationIsVisible = 0;
			defaultConfigurationName = Release;
		};
		0835FA901E58B30F0029D9F0 /* Build configuration list for PBXNativeTarget "HikeOregon" */ = {
			isa = XCConfigurationList;
			buildConfigurations = (
				0835FA911E58B30F0029D9F0 /* Debug */,
				0835FA921E58B30F0029D9F0 /* Release */,
			);
			defaultConfigurationIsVisible = 0;
		};
		0835FA931E58B30F0029D9F0 /* Build configuration list for PBXNativeTarget "HikeOregonTests" */ = {
			isa = XCConfigurationList;
			buildConfigurations = (
				0835FA941E58B30F0029D9F0 /* Debug */,
				0835FA951E58B30F0029D9F0 /* Release */,
			);
			defaultConfigurationIsVisible = 0;
		};
		0835FA961E58B30F0029D9F0 /* Build configuration list for PBXNativeTarget "HikeOregonUITests" */ = {
			isa = XCConfigurationList;
			buildConfigurations = (
				0835FA971E58B30F0029D9F0 /* Debug */,
				0835FA981E58B30F0029D9F0 /* Release */,
			);
			defaultConfigurationIsVisible = 0;
		};
/* End XCConfigurationList section */
	};
	rootObject = 0835FA601E58B30E0029D9F0 /* Project object */;
}
